
Microsoft Visual Studio Solution File, Format Version 12.00
# Visual Studio Version 17
VisualStudioVersion = 17.11.35327.3
MinimumVisualStudioVersion = 10.0.40219.1
Project("{9A19103F-16F7-4668-BE54-9A1E7A4F7556}") = "Blog.Web", "src\Blog.Web\Blog.Web.csproj", "{4AAF3ABB-DC65-45DF-920B-0559F7348966}"
EndProject
Project("{9A19103F-16F7-4668-BE54-9A1E7A4F7556}") = "Blog.Api", "src\Blog.Api\Blog.Api.csproj", "{4B8C5799-3A4C-4F27-84B0-0BE3898947EA}"
EndProject
Project("{9A19103F-16F7-4668-BE54-9A1E7A4F7556}") = "Blog.Core", "src\Blog.Core\Blog.Core.csproj", "{5AE0ED85-90BB-4D1C-BAB7-58A89D093C1B}"
EndProject
Project("{FAE04EC0-301F-11D3-BF4B-00C04F79EFBC}") = "Blog.App", "src\Blog.App\Blog.App.csproj", "{120BF541-A2CB-40A3-A8C5-B4C456A0187C}"
EndProject
Global
	GlobalSection(SolutionConfigurationPlatforms) = preSolution
		Debug|Any CPU = Debug|Any CPU
		Release|Any CPU = Release|Any CPU
	EndGlobalSection
	GlobalSection(ProjectConfigurationPlatforms) = postSolution
		{4AAF3ABB-DC65-45DF-920B-0559F7348966}.Debug|Any CPU.ActiveCfg = Debug|Any CPU
		{4AAF3ABB-DC65-45DF-920B-0559F7348966}.Debug|Any CPU.Build.0 = Debug|Any CPU
		{4AAF3ABB-DC65-45DF-920B-0559F7348966}.Release|Any CPU.ActiveCfg = Release|Any CPU
		{4AAF3ABB-DC65-45DF-920B-0559F7348966}.Release|Any CPU.Build.0 = Release|Any CPU
		{4B8C5799-3A4C-4F27-84B0-0BE3898947EA}.Debug|Any CPU.ActiveCfg = Debug|Any CPU
		{4B8C5799-3A4C-4F27-84B0-0BE3898947EA}.Debug|Any CPU.Build.0 = Debug|Any CPU
		{4B8C5799-3A4C-4F27-84B0-0BE3898947EA}.Release|Any CPU.ActiveCfg = Release|Any CPU
		{4B8C5799-3A4C-4F27-84B0-0BE3898947EA}.Release|Any CPU.Build.0 = Release|Any CPU
		{5AE0ED85-90BB-4D1C-BAB7-58A89D093C1B}.Debug|Any CPU.ActiveCfg = Debug|Any CPU
		{5AE0ED85-90BB-4D1C-BAB7-58A89D093C1B}.Debug|Any CPU.Build.0 = Debug|Any CPU
		{5AE0ED85-90BB-4D1C-BAB7-58A89D093C1B}.Release|Any CPU.ActiveCfg = Release|Any CPU
		{5AE0ED85-90BB-4D1C-BAB7-58A89D093C1B}.Release|Any CPU.Build.0 = Release|Any CPU
		{120BF541-A2CB-40A3-A8C5-B4C456A0187C}.Debug|Any CPU.ActiveCfg = Debug|Any CPU
		{120BF541-A2CB-40A3-A8C5-B4C456A0187C}.Debug|Any CPU.Build.0 = Debug|Any CPU
		{120BF541-A2CB-40A3-A8C5-B4C456A0187C}.Release|Any CPU.ActiveCfg = Release|Any CPU
		{120BF541-A2CB-40A3-A8C5-B4C456A0187C}.Release|Any CPU.Build.0 = Release|Any CPU
	EndGlobalSection
	GlobalSection(SolutionProperties) = preSolution
		HideSolutionNode = FALSE
	EndGlobalSection
	GlobalSection(ExtensibilityGlobals) = postSolution
		SolutionGuid = {2D2AE3FB-6BAA-4C39-8814-7AE0319C48A6}
	EndGlobalSection
EndGlobal
